
Microsoft Visual Studio Solution File, Format Version 12.00
# Visual Studio Version 17
VisualStudioVersion = 17.13.35825.156 d17.13
MinimumVisualStudioVersion = 10.0.40219.1
Project("{FAE04EC0-301F-11D3-BF4B-00C04F79EFBC}") = "Overload", "Overload\Overload.csproj", "{4B31D641-FDF0-46B3-9B7C-C18F52A77154}"
EndProject
Global
	GlobalSection(SolutionConfigurationPlatforms) = preSolution
		Debug|Any CPU = Debug|Any CPU
		Release|Any CPU = Release|Any CPU
	EndGlobalSection
	GlobalSection(ProjectConfigurationPlatforms) = postSolution
		{4B31D641-FDF0-46B3-9B7C-C18F52A77154}.Debug|Any CPU.ActiveCfg = Debug|Any CPU
		{4B31D641-FDF0-46B3-9B7C-C18F52A77154}.Debug|Any CPU.Build.0 = Debug|Any CPU
		{4B31D641-FDF0-46B3-9B7C-C18F52A77154}.Release|Any CPU.ActiveCfg = Release|Any CPU
		{4B31D641-FDF0-46B3-9B7C-C18F52A77154}.Release|Any CPU.Build.0 = Release|Any CPU
	EndGlobalSection
	GlobalSection(SolutionProperties) = preSolution
		HideSolutionNode = FALSE
	EndGlobalSection
	GlobalSection(ExtensibilityGlobals) = postSolution
		SolutionGuid = {2CE313FE-4646-496A-8C34-65038153A4C7}
	EndGlobalSection
EndGlobal
