
Microsoft Visual Studio Solution File, Format Version 12.00
# Visual Studio Version 17
VisualStudioVersion = 17.13.35825.156 d17.13
MinimumVisualStudioVersion = 10.0.40219.1
Project("{FAE04EC0-301F-11D3-BF4B-00C04F79EFBC}") = "MusicalInstrument", "MusicalInstrument\MusicalInstrument.csproj", "{FDE1C89C-1A74-4616-BE73-2AB17A56CE00}"
EndProject
Global
	GlobalSection(SolutionConfigurationPlatforms) = preSolution
		Debug|Any CPU = Debug|Any CPU
		Release|Any CPU = Release|Any CPU
	EndGlobalSection
	GlobalSection(ProjectConfigurationPlatforms) = postSolution
		{FDE1C89C-1A74-4616-BE73-2AB17A56CE00}.Debug|Any CPU.ActiveCfg = Debug|Any CPU
		{FDE1C89C-1A74-4616-BE73-2AB17A56CE00}.Debug|Any CPU.Build.0 = Debug|Any CPU
		{FDE1C89C-1A74-4616-BE73-2AB17A56CE00}.Release|Any CPU.ActiveCfg = Release|Any CPU
		{FDE1C89C-1A74-4616-BE73-2AB17A56CE00}.Release|Any CPU.Build.0 = Release|Any CPU
	EndGlobalSection
	GlobalSection(SolutionProperties) = preSolution
		HideSolutionNode = FALSE
	EndGlobalSection
	GlobalSection(ExtensibilityGlobals) = postSolution
		SolutionGuid = {5BBE7A7C-AD70-4DA4-B3F7-76974A0DD0D6}
	EndGlobalSection
EndGlobal
