
Microsoft Visual Studio Solution File, Format Version 12.00
# Visual Studio Version 17
VisualStudioVersion = 17.13.35828.75 d17.13
MinimumVisualStudioVersion = 10.0.40219.1
Project("{FAE04EC0-301F-11D3-BF4B-00C04F79EFBC}") = "GarbageCollector", "GarbageCollector\GarbageCollector.csproj", "{948C1652-BEA2-4CFD-90F1-B1C199DAD293}"
EndProject
Global
	GlobalSection(SolutionConfigurationPlatforms) = preSolution
		Debug|Any CPU = Debug|Any CPU
		Release|Any CPU = Release|Any CPU
	EndGlobalSection
	GlobalSection(ProjectConfigurationPlatforms) = postSolution
		{948C1652-BEA2-4CFD-90F1-B1C199DAD293}.Debug|Any CPU.ActiveCfg = Debug|Any CPU
		{948C1652-BEA2-4CFD-90F1-B1C199DAD293}.Debug|Any CPU.Build.0 = Debug|Any CPU
		{948C1652-BEA2-4CFD-90F1-B1C199DAD293}.Release|Any CPU.ActiveCfg = Release|Any CPU
		{948C1652-BEA2-4CFD-90F1-B1C199DAD293}.Release|Any CPU.Build.0 = Release|Any CPU
	EndGlobalSection
	GlobalSection(SolutionProperties) = preSolution
		HideSolutionNode = FALSE
	EndGlobalSection
	GlobalSection(ExtensibilityGlobals) = postSolution
		SolutionGuid = {6D089290-B3D6-4FFD-AA39-370BB41EF908}
	EndGlobalSection
EndGlobal
